
Microsoft Visual Studio Solution File, Format Version 12.00
# Visual Studio Version 17
VisualStudioVersion = 17.0.31903.59
MinimumVisualStudioVersion = 10.0.40219.1
Project("{9A19103F-16F7-4668-BE54-9A1E7A4F7556}") = "PW_3.1", "PW_3.1\PW_3.1.csproj", "{D069D767-A894-4A6E-A757-5D44EEAB87F0}"
EndProject
Project("{FAE04EC0-301F-11D3-BF4B-00C04F79EFBC}") = "PW_3.3", "PW_3.3\PW_3.3.csproj", "{0B8F1893-DA4F-4CEA-B2C7-AFB90C35703C}"
EndProject
Project("{FAE04EC0-301F-11D3-BF4B-00C04F79EFBC}") = "PW_3.3_2", "PW_3.3_2\PW_3.3_2.csproj", "{56E60F91-532A-44C5-89BA-3DDB876FE46E}"
EndProject
Project("{FAE04EC0-301F-11D3-BF4B-00C04F79EFBC}") = "PW_3.2", "PW_3.2\PW_3.2.csproj", "{BA15AD59-1311-4E0F-A95B-E97D714C33E5}"
EndProject
Project("{FAE04EC0-301F-11D3-BF4B-00C04F79EFBC}") = "PW_3.4", "PW_3.4\PW_3.4.csproj", "{09A33197-F4EF-4AE6-A664-6D7562D3C6DF}"
EndProject
Global
	GlobalSection(SolutionConfigurationPlatforms) = preSolution
		Debug|Any CPU = Debug|Any CPU
		Release|Any CPU = Release|Any CPU
	EndGlobalSection
	GlobalSection(ProjectConfigurationPlatforms) = postSolution
		{D069D767-A894-4A6E-A757-5D44EEAB87F0}.Debug|Any CPU.ActiveCfg = Debug|Any CPU
		{D069D767-A894-4A6E-A757-5D44EEAB87F0}.Debug|Any CPU.Build.0 = Debug|Any CPU
		{D069D767-A894-4A6E-A757-5D44EEAB87F0}.Release|Any CPU.ActiveCfg = Release|Any CPU
		{D069D767-A894-4A6E-A757-5D44EEAB87F0}.Release|Any CPU.Build.0 = Release|Any CPU
		{0B8F1893-DA4F-4CEA-B2C7-AFB90C35703C}.Debug|Any CPU.ActiveCfg = Debug|Any CPU
		{0B8F1893-DA4F-4CEA-B2C7-AFB90C35703C}.Debug|Any CPU.Build.0 = Debug|Any CPU
		{0B8F1893-DA4F-4CEA-B2C7-AFB90C35703C}.Release|Any CPU.ActiveCfg = Release|Any CPU
		{0B8F1893-DA4F-4CEA-B2C7-AFB90C35703C}.Release|Any CPU.Build.0 = Release|Any CPU
		{56E60F91-532A-44C5-89BA-3DDB876FE46E}.Debug|Any CPU.ActiveCfg = Debug|Any CPU
		{56E60F91-532A-44C5-89BA-3DDB876FE46E}.Debug|Any CPU.Build.0 = Debug|Any CPU
		{56E60F91-532A-44C5-89BA-3DDB876FE46E}.Release|Any CPU.ActiveCfg = Release|Any CPU
		{56E60F91-532A-44C5-89BA-3DDB876FE46E}.Release|Any CPU.Build.0 = Release|Any CPU
		{BA15AD59-1311-4E0F-A95B-E97D714C33E5}.Debug|Any CPU.ActiveCfg = Debug|Any CPU
		{BA15AD59-1311-4E0F-A95B-E97D714C33E5}.Debug|Any CPU.Build.0 = Debug|Any CPU
		{BA15AD59-1311-4E0F-A95B-E97D714C33E5}.Release|Any CPU.ActiveCfg = Release|Any CPU
		{BA15AD59-1311-4E0F-A95B-E97D714C33E5}.Release|Any CPU.Build.0 = Release|Any CPU
		{09A33197-F4EF-4AE6-A664-6D7562D3C6DF}.Debug|Any CPU.ActiveCfg = Debug|Any CPU
		{09A33197-F4EF-4AE6-A664-6D7562D3C6DF}.Debug|Any CPU.Build.0 = Debug|Any CPU
		{09A33197-F4EF-4AE6-A664-6D7562D3C6DF}.Release|Any CPU.ActiveCfg = Release|Any CPU
		{09A33197-F4EF-4AE6-A664-6D7562D3C6DF}.Release|Any CPU.Build.0 = Release|Any CPU
	EndGlobalSection
	GlobalSection(SolutionProperties) = preSolution
		HideSolutionNode = FALSE
	EndGlobalSection
	GlobalSection(ExtensibilityGlobals) = postSolution
		SolutionGuid = {135EA2F1-937C-4D97-BD73-6F69C3ABD357}
	EndGlobalSection
EndGlobal
