
Microsoft Visual Studio Solution File, Format Version 12.00
# Visual Studio Version 17
VisualStudioVersion = 17.0.31903.59
MinimumVisualStudioVersion = 10.0.40219.1
Project("{9A19103F-16F7-4668-BE54-9A1E7A4F7556}") = "PW_2.1", "PW_2\PW_2.1.csproj", "{2F27EF97-CDDB-4A73-A09F-1B1B5FF6116A}"
EndProject
Project("{FAE04EC0-301F-11D3-BF4B-00C04F79EFBC}") = "PW_2.3", "PW_2.3\PW_2.3.csproj", "{F93AA0B5-CB68-4645-A935-819D243F5814}"
EndProject
Project("{FAE04EC0-301F-11D3-BF4B-00C04F79EFBC}") = "PW_2.2", "PW_2.2\PW_2.2.csproj", "{70213D48-DC99-4524-A485-952F71935F84}"
EndProject
Global
	GlobalSection(SolutionConfigurationPlatforms) = preSolution
		Debug|Any CPU = Debug|Any CPU
		Release|Any CPU = Release|Any CPU
	EndGlobalSection
	GlobalSection(ProjectConfigurationPlatforms) = postSolution
		{2F27EF97-CDDB-4A73-A09F-1B1B5FF6116A}.Debug|Any CPU.ActiveCfg = Debug|Any CPU
		{2F27EF97-CDDB-4A73-A09F-1B1B5FF6116A}.Debug|Any CPU.Build.0 = Debug|Any CPU
		{2F27EF97-CDDB-4A73-A09F-1B1B5FF6116A}.Release|Any CPU.ActiveCfg = Release|Any CPU
		{2F27EF97-CDDB-4A73-A09F-1B1B5FF6116A}.Release|Any CPU.Build.0 = Release|Any CPU
		{F93AA0B5-CB68-4645-A935-819D243F5814}.Debug|Any CPU.ActiveCfg = Debug|Any CPU
		{F93AA0B5-CB68-4645-A935-819D243F5814}.Debug|Any CPU.Build.0 = Debug|Any CPU
		{F93AA0B5-CB68-4645-A935-819D243F5814}.Release|Any CPU.ActiveCfg = Release|Any CPU
		{F93AA0B5-CB68-4645-A935-819D243F5814}.Release|Any CPU.Build.0 = Release|Any CPU
		{70213D48-DC99-4524-A485-952F71935F84}.Debug|Any CPU.ActiveCfg = Debug|Any CPU
		{70213D48-DC99-4524-A485-952F71935F84}.Debug|Any CPU.Build.0 = Debug|Any CPU
		{70213D48-DC99-4524-A485-952F71935F84}.Release|Any CPU.ActiveCfg = Release|Any CPU
		{70213D48-DC99-4524-A485-952F71935F84}.Release|Any CPU.Build.0 = Release|Any CPU
	EndGlobalSection
	GlobalSection(SolutionProperties) = preSolution
		HideSolutionNode = FALSE
	EndGlobalSection
	GlobalSection(ExtensibilityGlobals) = postSolution
		SolutionGuid = {A105C1C2-CAB6-4ED1-A21E-235256E7E9DE}
	EndGlobalSection
EndGlobal
